PODS:
  - Alamofire (5.6.1)
  - FBAEMKit (12.3.2):
    - FBSDKCoreKit_Basics (= 12.3.2)
  - FBSDKCoreKit (12.3.2):
    - FBAEMKit (= 12.3.2)
    - FBSDKCoreKit_Basics (= 12.3.2)
  - FBSDKCoreKit_Basics (12.3.2)
  - FBSDKLoginKit (12.3.2):
    - FBSDKCoreKit (= 12.3.2)
  - IQKeyboardManagerSwift (6.5.10)
  - Koloda (5.0.1):
    - pop (~> 1.0)
  - MBProgressHUD (1.2.0)
  - pop (1.0.12)
  - Realm (10.5.2):
    - Realm/Headers (= 10.5.2)
  - Realm/Headers (10.5.2)
  - RealmSwift (10.5.2):
    - Realm (= 10.5.2)
  - RxCocoa (6.5.0):
    - RxRelay (= 6.5.0)
    - RxSwift (= 6.5.0)
  - RxRelay (6.5.0):
    - RxSwift (= 6.5.0)
  - RxSwift (6.5.0)
  - SDWebImage (5.12.6):
    - SDWebImage/Core (= 5.12.6)
  - SDWebImage/Core (5.12.6)
  - SwiftyJSON (5.0.1)

DEPENDENCIES:
  - Alamofire
  - FBSDKLoginKit
  - IQKeyboardManagerSwift
  - Koloda
  - MBProgressHUD (~> 1.2.0)
  - RealmSwift (~> 10.5.2)
  - RxCocoa (= 6.5.0)
  - RxSwift (= 6.5.0)
  - SDWebImage
  - SwiftyJSON

SPEC REPOS:
  trunk:
    - Alamofire
    - FBAEMKit
    - FBSDKCoreKit
    - FBSDKCoreKit_Basics
    - FBSDKLoginKit
    - IQKeyboardManagerSwift
    - Koloda
    - MBProgressHUD
    - pop
    - Realm
    - RealmSwift
    - RxCocoa
    - RxRelay
    - RxSwift
    - SDWebImage
    - SwiftyJSON

SPEC CHECKSUMS:
  Alamofire: 87bd8c952f9a4454320fce00d9cc3de57bcadaf5
  FBAEMKit: 955ca52eba8219c20f90774e8c6ff8bc7b3192a3
  FBSDKCoreKit: 678f64eda3f0ff25c189c2ebbfe87b1d96a85a6d
  FBSDKCoreKit_Basics: 6bee7c1f0932432901781203fa5e587ec5099148
  FBSDKLoginKit: 56d55e23fe66a6db045826190b0b4dbc0e1ca0a0
  IQKeyboardManagerSwift: 52962c76ab33532f15ad9f3ff4e5715eda5335bb
  Koloda: d07b9199a383abc5898b62aa945a599f5e7c0c4b
  MBProgressHUD: 3ee5efcc380f6a79a7cc9b363dd669c5e1ae7406
  pop: d582054913807fd11fd50bfe6a539d91c7e1a55a
  Realm: 2e1bc0d28301006176692da234deff51f867d5ae
  RealmSwift: a522ad39715e8b4e491af4460059bc32b84f5a9b
  RxCocoa: 94f817b71c07517321eb4f9ad299112ca8af743b
  RxRelay: 1de1523e604c72b6c68feadedd1af3b1b4d0ecbd
  RxSwift: 5710a9e6b17f3c3d6e40d6e559b9fa1e813b2ef8
  SDWebImage: a47aea9e3d8816015db4e523daff50cfd294499d
  SwiftyJSON: 2f33a42c6fbc52764d96f13368585094bfd8aa5e

PODFILE CHECKSUM: 331d24e45b69768d14fdfaa3b28114253f7631fb

COCOAPODS: 1.11.3
