// !$*UTF8*$!
{
	archiveVersion = 1;
	classes = {
	};
	objectVersion = 51;
	objects = {

/* Begin PBXBuildFile section */
		05D9998F37C5FF4BACE61A74 /* Pods_Habiibi.framework in Frameworks */ = {isa = PBXBuildFile; fileRef = D66B8AE15293D8C4FFCA2506 /* Pods_Habiibi.framework */; };
		3300F7D0286BF366009CDE07 /* APIService.swift in Sources */ = {isa = PBXBuildFile; fileRef = 3300F7CF286BF366009CDE07 /* APIService.swift */; };
		33113B572862AFFB00C0CD7F /* AppDelegate.swift in Sources */ = {isa = PBXBuildFile; fileRef = 33113B562862AFFB00C0CD7F /* AppDelegate.swift */; };
		33113B592862AFFB00C0CD7F /* SceneDelegate.swift in Sources */ = {isa = PBXBuildFile; fileRef = 33113B582862AFFB00C0CD7F /* SceneDelegate.swift */; };
		33113B5B2862AFFB00C0CD7F /* BaseViewController.swift in Sources */ = {isa = PBXBuildFile; fileRef = 33113B5A2862AFFB00C0CD7F /* BaseViewController.swift */; };
		33113B5E2862AFFB00C0CD7F /* Main.storyboard in Resources */ = {isa = PBXBuildFile; fileRef = 33113B5C2862AFFB00C0CD7F /* Main.storyboard */; };
		33113B602862AFFD00C0CD7F /* Assets.xcassets in Resources */ = {isa = PBXBuildFile; fileRef = 33113B5F2862AFFD00C0CD7F /* Assets.xcassets */; };
		33113B632862AFFD00C0CD7F /* LaunchScreen.storyboard in Resources */ = {isa = PBXBuildFile; fileRef = 33113B612862AFFD00C0CD7F /* LaunchScreen.storyboard */; };
		33113B772862B89900C0CD7F /* OnboardingViewController.swift in Sources */ = {isa = PBXBuildFile; fileRef = 33113B762862B89900C0CD7F /* OnboardingViewController.swift */; };
		33113B7B2862BBE200C0CD7F /* HomeScreenViewController.swift in Sources */ = {isa = PBXBuildFile; fileRef = 33113B7A2862BBE200C0CD7F /* HomeScreenViewController.swift */; };
		33113B812862C81200C0CD7F /* LoginViewController.swift in Sources */ = {isa = PBXBuildFile; fileRef = 33113B802862C81200C0CD7F /* LoginViewController.swift */; };
		33113B8F2862D51E00C0CD7F /* CustomTextField.swift in Sources */ = {isa = PBXBuildFile; fileRef = 33113B8E2862D51E00C0CD7F /* CustomTextField.swift */; };
		33113B922862D5A900C0CD7F /* VerifyCodeViewController.swift in Sources */ = {isa = PBXBuildFile; fileRef = 33113B912862D5A900C0CD7F /* VerifyCodeViewController.swift */; };
		3314FD50286466B600B1AB1D /* DatabaseManagers.swift in Sources */ = {isa = PBXBuildFile; fileRef = 3314FD4F286466B500B1AB1D /* DatabaseManagers.swift */; };
		3314FD552864674400B1AB1D /* UserLogin.swift in Sources */ = {isa = PBXBuildFile; fileRef = 3314FD542864674400B1AB1D /* UserLogin.swift */; };
		331693E328781DC70044D44F /* ModelSetUpTBV.swift in Sources */ = {isa = PBXBuildFile; fileRef = 331693E228781DC70044D44F /* ModelSetUpTBV.swift */; };
		331693E928783A0E0044D44F /* EditProfileCollectionViewCell.swift in Sources */ = {isa = PBXBuildFile; fileRef = 331693E728783A0E0044D44F /* EditProfileCollectionViewCell.swift */; };
		331693EA28783A0E0044D44F /* EditProfileCollectionViewCell.xib in Resources */ = {isa = PBXBuildFile; fileRef = 331693E828783A0E0044D44F /* EditProfileCollectionViewCell.xib */; };
		331693F128783D030044D44F /* Extensions+UIColor.swift in Sources */ = {isa = PBXBuildFile; fileRef = 331693F028783D030044D44F /* Extensions+UIColor.swift */; };
		331693F428783E510044D44F /* Gradient.swift in Sources */ = {isa = PBXBuildFile; fileRef = 331693F328783E510044D44F /* Gradient.swift */; };
		33282F9B286AD69B00E6F16D /* OnboardingViewModel.swift in Sources */ = {isa = PBXBuildFile; fileRef = 33282F9A286AD69B00E6F16D /* OnboardingViewModel.swift */; };
		33282F9E286ADD4E00E6F16D /* Extensions+String.swift in Sources */ = {isa = PBXBuildFile; fileRef = 33282F9D286ADD4E00E6F16D /* Extensions+String.swift */; };
		33282FAB286AFA7000E6F16D /* HomeScreenViewModel.swift in Sources */ = {isa = PBXBuildFile; fileRef = 33282FAA286AFA7000E6F16D /* HomeScreenViewModel.swift */; };
		33298DA0288516C400351F92 /* FillNameSignUpViewModel.swift in Sources */ = {isa = PBXBuildFile; fileRef = 33298D9F288516C400351F92 /* FillNameSignUpViewModel.swift */; };
		33298DBB28854CAC00351F92 /* ShowDiaLog.swift in Sources */ = {isa = PBXBuildFile; fileRef = 33298DBA28854CAC00351F92 /* ShowDiaLog.swift */; };
		33298DE22885525800351F92 /* Constants.swift in Sources */ = {isa = PBXBuildFile; fileRef = 33298DE12885525800351F92 /* Constants.swift */; };
		33298DE5288552D700351F92 /* DialogHelper.swift in Sources */ = {isa = PBXBuildFile; fileRef = 33298DE4288552D700351F92 /* DialogHelper.swift */; };
		33390DAF2862F53D00B5B072 /* OTPStackView.swift in Sources */ = {isa = PBXBuildFile; fileRef = 33390DAE2862F53D00B5B072 /* OTPStackView.swift */; };
		333A5F9828879E7B007ABD15 /* GameController.framework in Frameworks */ = {isa = PBXBuildFile; fileRef = 333A5F9728879E7B007ABD15 /* GameController.framework */; };
		333C729F28900D4A00B7496D /* ChatViewController.swift in Sources */ = {isa = PBXBuildFile; fileRef = 333C729E28900D4A00B7496D /* ChatViewController.swift */; };
		333C72A228900E5100B7496D /* Chat.swift in Sources */ = {isa = PBXBuildFile; fileRef = 333C72A128900E5100B7496D /* Chat.swift */; };
		333C72A528900E7B00B7496D /* ChatUser.swift in Sources */ = {isa = PBXBuildFile; fileRef = 333C72A428900E7B00B7496D /* ChatUser.swift */; };
		333C72A828900E9500B7496D /* Message.swift in Sources */ = {isa = PBXBuildFile; fileRef = 333C72A728900E9500B7496D /* Message.swift */; };
		333C72AC28902C8F00B7496D /* MessageViewController.swift in Sources */ = {isa = PBXBuildFile; fileRef = 333C72AB28902C8F00B7496D /* MessageViewController.swift */; };
		334FA2AB28767FDD0060C7F3 /* EditingProfileViewController.swift in Sources */ = {isa = PBXBuildFile; fileRef = 334FA2AA28767FDD0060C7F3 /* EditingProfileViewController.swift */; };
		335921A2287D6255002CBA52 /* FilterModel.swift in Sources */ = {isa = PBXBuildFile; fileRef = 335921A1287D6255002CBA52 /* FilterModel.swift */; };
		33631832287574E100A03242 /* ListImageTableViewCell.swift in Sources */ = {isa = PBXBuildFile; fileRef = 33631830287574E100A03242 /* ListImageTableViewCell.swift */; };
		33631833287574E100A03242 /* ListImageTableViewCell.xib in Resources */ = {isa = PBXBuildFile; fileRef = 33631831287574E100A03242 /* ListImageTableViewCell.xib */; };
		336318522875A1B200A03242 /* Extensions+UIImage+UIImageView.swift in Sources */ = {isa = PBXBuildFile; fileRef = 336318512875A1B200A03242 /* Extensions+UIImage+UIImageView.swift */; };
		337EEC1228752BC20084726F /* ProfileViewModel.swift in Sources */ = {isa = PBXBuildFile; fileRef = 337EEC1128752BC20084726F /* ProfileViewModel.swift */; };
		337EEC1628753B5A0084726F /* ProfileTableViewCell.swift in Sources */ = {isa = PBXBuildFile; fileRef = 337EEC1428753B5A0084726F /* ProfileTableViewCell.swift */; };
		337EEC1728753B5A0084726F /* ProfileTableViewCell.xib in Resources */ = {isa = PBXBuildFile; fileRef = 337EEC1528753B5A0084726F /* ProfileTableViewCell.xib */; };
		338AC71028640F3B00215A06 /* GenderSignUpViewController.swift in Sources */ = {isa = PBXBuildFile; fileRef = 338AC70F28640F3B00215A06 /* GenderSignUpViewController.swift */; };
		338AC716286411F300215A06 /* Extentions+UIView.swift in Sources */ = {isa = PBXBuildFile; fileRef = 338AC715286411F300215A06 /* Extentions+UIView.swift */; };
		338AC71A2864248B00215A06 /* FillNameSignUpViewController.swift in Sources */ = {isa = PBXBuildFile; fileRef = 338AC7192864248B00215A06 /* FillNameSignUpViewController.swift */; };
		3391481C2869611A00495999 /* CustomTabbarController.swift in Sources */ = {isa = PBXBuildFile; fileRef = 3391481B2869611A00495999 /* CustomTabbarController.swift */; };
		339148212869688900495999 /* GobalData.swift in Sources */ = {isa = PBXBuildFile; fileRef = 339148202869688900495999 /* GobalData.swift */; };
		3391482528696C9400495999 /* ProfileViewController.swift in Sources */ = {isa = PBXBuildFile; fileRef = 3391482428696C9400495999 /* ProfileViewController.swift */; };
		33AF1589288A7F48003D8D4F /* UserModels.swift in Sources */ = {isa = PBXBuildFile; fileRef = 33AF1588288A7F48003D8D4F /* UserModels.swift */; };
		33BBF9FA2897D4580094015D /* GoogleService-Info.plist in Resources */ = {isa = PBXBuildFile; fileRef = 33BBF9F92897D4580094015D /* GoogleService-Info.plist */; };
		33BFAC7C287BC45D00F95F1F /* ListUser.json in Resources */ = {isa = PBXBuildFile; fileRef = 33BFAC7B287BC45D00F95F1F /* ListUser.json */; };
		33BFAC80287C031200F95F1F /* CustomNavigationVC.swift in Sources */ = {isa = PBXBuildFile; fileRef = 33BFAC7F287C031200F95F1F /* CustomNavigationVC.swift */; };
		33BFAC83287C0DB000F95F1F /* FilterViewController.swift in Sources */ = {isa = PBXBuildFile; fileRef = 33BFAC82287C0DB000F95F1F /* FilterViewController.swift */; };
		33BFAC86287C0FEE00F95F1F /* FilterViewModel.swift in Sources */ = {isa = PBXBuildFile; fileRef = 33BFAC85287C0FEE00F95F1F /* FilterViewModel.swift */; };
		33BFAC91287C24BF00F95F1F /* LoginViewModel.swift in Sources */ = {isa = PBXBuildFile; fileRef = 33BFAC90287C24BF00F95F1F /* LoginViewModel.swift */; };
		33BFAC94287C28AD00F95F1F /* VerifyCodeviewModel.swift in Sources */ = {isa = PBXBuildFile; fileRef = 33BFAC93287C28AD00F95F1F /* VerifyCodeviewModel.swift */; };
		33BFAC97287C29C900F95F1F /* GenderViewModel.swift in Sources */ = {isa = PBXBuildFile; fileRef = 33BFAC96287C29C900F95F1F /* GenderViewModel.swift */; };
		33D45C1F287ADFA0003443A8 /* TakePhotoCollectionViewCell.swift in Sources */ = {isa = PBXBuildFile; fileRef = 33D45C1D287ADFA0003443A8 /* TakePhotoCollectionViewCell.swift */; };
		33D45C20287ADFA0003443A8 /* TakePhotoCollectionViewCell.xib in Resources */ = {isa = PBXBuildFile; fileRef = 33D45C1E287ADFA0003443A8 /* TakePhotoCollectionViewCell.xib */; };
		33DC6F572890D193000ADA02 /* ListFriendCollectionViewCell.swift in Sources */ = {isa = PBXBuildFile; fileRef = 33DC6F552890D193000ADA02 /* ListFriendCollectionViewCell.swift */; };
		33DC6F582890D193000ADA02 /* ListFriendCollectionViewCell.xib in Resources */ = {isa = PBXBuildFile; fileRef = 33DC6F562890D193000ADA02 /* ListFriendCollectionViewCell.xib */; };
		33DC6F642890D1D5000ADA02 /* ListChatTableViewCell.swift in Sources */ = {isa = PBXBuildFile; fileRef = 33DC6F622890D1D5000ADA02 /* ListChatTableViewCell.swift */; };
		33DC6F652890D1D5000ADA02 /* ListChatTableViewCell.xib in Resources */ = {isa = PBXBuildFile; fileRef = 33DC6F632890D1D5000ADA02 /* ListChatTableViewCell.xib */; };
		33DC6F6A2890E865000ADA02 /* MessageViewModel.swift in Sources */ = {isa = PBXBuildFile; fileRef = 33DC6F692890E865000ADA02 /* MessageViewModel.swift */; };
		33DC6F6D2890E9D9000ADA02 /* FriendModel.swift in Sources */ = {isa = PBXBuildFile; fileRef = 33DC6F6C2890E9D9000ADA02 /* FriendModel.swift */; };
		33DC6F90289133DB000ADA02 /* ChatViewModel.swift in Sources */ = {isa = PBXBuildFile; fileRef = 33DC6F8F289133DB000ADA02 /* ChatViewModel.swift */; };
		33DC6F9428913D1D000ADA02 /* ManagerUserdefaults.swift in Sources */ = {isa = PBXBuildFile; fileRef = 33DC6F9328913D1D000ADA02 /* ManagerUserdefaults.swift */; };
		33EB4A852892487200D4F59C /* SearchTableViewCell.swift in Sources */ = {isa = PBXBuildFile; fileRef = 33EB4A832892487200D4F59C /* SearchTableViewCell.swift */; };
		33EB4A862892487200D4F59C /* SearchTableViewCell.xib in Resources */ = {isa = PBXBuildFile; fileRef = 33EB4A842892487200D4F59C /* SearchTableViewCell.xib */; };
		33EB4A8B28926EB600D4F59C /* SearchViewController.swift in Sources */ = {isa = PBXBuildFile; fileRef = 33EB4A8A28926EB600D4F59C /* SearchViewController.swift */; };
/* End PBXBuildFile section */

/* Begin PBXFileReference section */
		3300F7CF286BF366009CDE07 /* APIService.swift */ = {isa = PBXFileReference; lastKnownFileType = sourcecode.swift; path = APIService.swift; sourceTree = "<group>"; };
		33113B532862AFFB00C0CD7F /* Habiibi.app */ = {isa = PBXFileReference; explicitFileType = wrapper.application; includeInIndex = 0; path = Habiibi.app; sourceTree = BUILT_PRODUCTS_DIR; };
		33113B562862AFFB00C0CD7F /* AppDelegate.swift */ = {isa = PBXFileReference; lastKnownFileType = sourcecode.swift; path = AppDelegate.swift; sourceTree = "<group>"; };
		33113B582862AFFB00C0CD7F /* SceneDelegate.swift */ = {isa = PBXFileReference; lastKnownFileType = sourcecode.swift; path = SceneDelegate.swift; sourceTree = "<group>"; };
		33113B5A2862AFFB00C0CD7F /* BaseViewController.swift */ = {isa = PBXFileReference; lastKnownFileType = sourcecode.swift; path = BaseViewController.swift; sourceTree = "<group>"; };
		33113B5D2862AFFB00C0CD7F /* Base */ = {isa = PBXFileReference; lastKnownFileType = file.storyboard; name = Base; path = Base.lproj/Main.storyboard; sourceTree = "<group>"; };
		33113B5F2862AFFD00C0CD7F /* Assets.xcassets */ = {isa = PBXFileReference; lastKnownFileType = folder.assetcatalog; path = Assets.xcassets; sourceTree = "<group>"; };
		33113B622862AFFD00C0CD7F /* Base */ = {isa = PBXFileReference; lastKnownFileType = file.storyboard; name = Base; path = Base.lproj/LaunchScreen.storyboard; sourceTree = "<group>"; };
		33113B642862AFFD00C0CD7F /* Info.plist */ = {isa = PBXFileReference; lastKnownFileType = text.plist.xml; path = Info.plist; sourceTree = "<group>"; };
		33113B742862B6D600C0CD7F /* Habiibi.entitlements */ = {isa = PBXFileReference; lastKnownFileType = text.plist.entitlements; path = Habiibi.entitlements; sourceTree = "<group>"; };
		33113B762862B89900C0CD7F /* OnboardingViewController.swift */ = {isa = PBXFileReference; lastKnownFileType = sourcecode.swift; path = OnboardingViewController.swift; sourceTree = "<group>"; };
		33113B7A2862BBE200C0CD7F /* HomeScreenViewController.swift */ = {isa = PBXFileReference; lastKnownFileType = sourcecode.swift; path = HomeScreenViewController.swift; sourceTree = "<group>"; };
		33113B802862C81200C0CD7F /* LoginViewController.swift */ = {isa = PBXFileReference; lastKnownFileType = sourcecode.swift; path = LoginViewController.swift; sourceTree = "<group>"; };
		33113B8E2862D51E00C0CD7F /* CustomTextField.swift */ = {isa = PBXFileReference; lastKnownFileType = sourcecode.swift; path = CustomTextField.swift; sourceTree = "<group>"; };
		33113B912862D5A900C0CD7F /* VerifyCodeViewController.swift */ = {isa = PBXFileReference; lastKnownFileType = sourcecode.swift; path = VerifyCodeViewController.swift; sourceTree = "<group>"; };
		3314FD4F286466B500B1AB1D /* DatabaseManagers.swift */ = {isa = PBXFileReference; lastKnownFileType = sourcecode.swift; path = DatabaseManagers.swift; sourceTree = "<group>"; };
		3314FD542864674400B1AB1D /* UserLogin.swift */ = {isa = PBXFileReference; lastKnownFileType = sourcecode.swift; path = UserLogin.swift; sourceTree = "<group>"; };
		331693E228781DC70044D44F /* ModelSetUpTBV.swift */ = {isa = PBXFileReference; lastKnownFileType = sourcecode.swift; path = ModelSetUpTBV.swift; sourceTree = "<group>"; };
		331693E728783A0E0044D44F /* EditProfileCollectionViewCell.swift */ = {isa = PBXFileReference; lastKnownFileType = sourcecode.swift; path = EditProfileCollectionViewCell.swift; sourceTree = "<group>"; };
		331693E828783A0E0044D44F /* EditProfileCollectionViewCell.xib */ = {isa = PBXFileReference; lastKnownFileType = file.xib; path = EditProfileCollectionViewCell.xib; sourceTree = "<group>"; };
		331693F028783D030044D44F /* Extensions+UIColor.swift */ = {isa = PBXFileReference; lastKnownFileType = sourcecode.swift; path = "Extensions+UIColor.swift"; sourceTree = "<group>"; };
		331693F328783E510044D44F /* Gradient.swift */ = {isa = PBXFileReference; lastKnownFileType = sourcecode.swift; path = Gradient.swift; sourceTree = "<group>"; };
		33282F9A286AD69B00E6F16D /* OnboardingViewModel.swift */ = {isa = PBXFileReference; lastKnownFileType = sourcecode.swift; path = OnboardingViewModel.swift; sourceTree = "<group>"; };
		33282F9D286ADD4E00E6F16D /* Extensions+String.swift */ = {isa = PBXFileReference; lastKnownFileType = sourcecode.swift; path = "Extensions+String.swift"; sourceTree = "<group>"; };
		33282FAA286AFA7000E6F16D /* HomeScreenViewModel.swift */ = {isa = PBXFileReference; lastKnownFileType = sourcecode.swift; path = HomeScreenViewModel.swift; sourceTree = "<group>"; };
		33298D9F288516C400351F92 /* FillNameSignUpViewModel.swift */ = {isa = PBXFileReference; lastKnownFileType = sourcecode.swift; path = FillNameSignUpViewModel.swift; sourceTree = "<group>"; };
		33298DBA28854CAC00351F92 /* ShowDiaLog.swift */ = {isa = PBXFileReference; lastKnownFileType = sourcecode.swift; path = ShowDiaLog.swift; sourceTree = "<group>"; };
		33298DE12885525800351F92 /* Constants.swift */ = {isa = PBXFileReference; lastKnownFileType = sourcecode.swift; path = Constants.swift; sourceTree = "<group>"; };
		33298DE4288552D700351F92 /* DialogHelper.swift */ = {isa = PBXFileReference; lastKnownFileType = sourcecode.swift; path = DialogHelper.swift; sourceTree = "<group>"; };
		33390DAE2862F53D00B5B072 /* OTPStackView.swift */ = {isa = PBXFileReference; lastKnownFileType = sourcecode.swift; path = OTPStackView.swift; sourceTree = "<group>"; };
		333A5F9728879E7B007ABD15 /* GameController.framework */ = {isa = PBXFileReference; lastKnownFileType = wrapper.framework; name = GameController.framework; path = System/Library/Frameworks/GameController.framework; sourceTree = SDKROOT; };
		333C729E28900D4A00B7496D /* ChatViewController.swift */ = {isa = PBXFileReference; lastKnownFileType = sourcecode.swift; path = ChatViewController.swift; sourceTree = "<group>"; };
		333C72A128900E5100B7496D /* Chat.swift */ = {isa = PBXFileReference; lastKnownFileType = sourcecode.swift; path = Chat.swift; sourceTree = "<group>"; };
		333C72A428900E7B00B7496D /* ChatUser.swift */ = {isa = PBXFileReference; lastKnownFileType = sourcecode.swift; path = ChatUser.swift; sourceTree = "<group>"; };
		333C72A728900E9500B7496D /* Message.swift */ = {isa = PBXFileReference; lastKnownFileType = sourcecode.swift; path = Message.swift; sourceTree = "<group>"; };
		333C72AB28902C8F00B7496D /* MessageViewController.swift */ = {isa = PBXFileReference; lastKnownFileType = sourcecode.swift; path = MessageViewController.swift; sourceTree = "<group>"; };
		334FA2AA28767FDD0060C7F3 /* EditingProfileViewController.swift */ = {isa = PBXFileReference; lastKnownFileType = sourcecode.swift; path = EditingProfileViewController.swift; sourceTree = "<group>"; };
		335921A1287D6255002CBA52 /* FilterModel.swift */ = {isa = PBXFileReference; lastKnownFileType = sourcecode.swift; path = FilterModel.swift; sourceTree = "<group>"; };
		33631830287574E100A03242 /* ListImageTableViewCell.swift */ = {isa = PBXFileReference; lastKnownFileType = sourcecode.swift; path = ListImageTableViewCell.swift; sourceTree = "<group>"; };
		33631831287574E100A03242 /* ListImageTableViewCell.xib */ = {isa = PBXFileReference; lastKnownFileType = file.xib; path = ListImageTableViewCell.xib; sourceTree = "<group>"; };
		336318512875A1B200A03242 /* Extensions+UIImage+UIImageView.swift */ = {isa = PBXFileReference; lastKnownFileType = sourcecode.swift; path = "Extensions+UIImage+UIImageView.swift"; sourceTree = "<group>"; };
		337EEC1128752BC20084726F /* ProfileViewModel.swift */ = {isa = PBXFileReference; lastKnownFileType = sourcecode.swift; path = ProfileViewModel.swift; sourceTree = "<group>"; };
		337EEC1428753B5A0084726F /* ProfileTableViewCell.swift */ = {isa = PBXFileReference; lastKnownFileType = sourcecode.swift; path = ProfileTableViewCell.swift; sourceTree = "<group>"; };
		337EEC1528753B5A0084726F /* ProfileTableViewCell.xib */ = {isa = PBXFileReference; lastKnownFileType = file.xib; path = ProfileTableViewCell.xib; sourceTree = "<group>"; };
		338AC70F28640F3B00215A06 /* GenderSignUpViewController.swift */ = {isa = PBXFileReference; lastKnownFileType = sourcecode.swift; path = GenderSignUpViewController.swift; sourceTree = "<group>"; };
		338AC715286411F300215A06 /* Extentions+UIView.swift */ = {isa = PBXFileReference; lastKnownFileType = sourcecode.swift; path = "Extentions+UIView.swift"; sourceTree = "<group>"; };
		338AC7192864248B00215A06 /* FillNameSignUpViewController.swift */ = {isa = PBXFileReference; lastKnownFileType = sourcecode.swift; path = FillNameSignUpViewController.swift; sourceTree = "<group>"; };
		3391481B2869611A00495999 /* CustomTabbarController.swift */ = {isa = PBXFileReference; lastKnownFileType = sourcecode.swift; path = CustomTabbarController.swift; sourceTree = "<group>"; };
		339148202869688900495999 /* GobalData.swift */ = {isa = PBXFileReference; lastKnownFileType = sourcecode.swift; path = GobalData.swift; sourceTree = "<group>"; };
		3391482428696C9400495999 /* ProfileViewController.swift */ = {isa = PBXFileReference; lastKnownFileType = sourcecode.swift; path = ProfileViewController.swift; sourceTree = "<group>"; };
		33AF1588288A7F48003D8D4F /* UserModels.swift */ = {isa = PBXFileReference; lastKnownFileType = sourcecode.swift; path = UserModels.swift; sourceTree = "<group>"; };
		33BBF9F92897D4580094015D /* GoogleService-Info.plist */ = {isa = PBXFileReference; fileEncoding = 4; lastKnownFileType = text.plist.xml; path = "GoogleService-Info.plist"; sourceTree = "<group>"; };
		33BFAC7B287BC45D00F95F1F /* ListUser.json */ = {isa = PBXFileReference; fileEncoding = 4; lastKnownFileType = text.json; path = ListUser.json; sourceTree = "<group>"; };
		33BFAC7F287C031200F95F1F /* CustomNavigationVC.swift */ = {isa = PBXFileReference; lastKnownFileType = sourcecode.swift; path = CustomNavigationVC.swift; sourceTree = "<group>"; };
		33BFAC82287C0DB000F95F1F /* FilterViewController.swift */ = {isa = PBXFileReference; lastKnownFileType = sourcecode.swift; path = FilterViewController.swift; sourceTree = "<group>"; };
		33BFAC85287C0FEE00F95F1F /* FilterViewModel.swift */ = {isa = PBXFileReference; lastKnownFileType = sourcecode.swift; path = FilterViewModel.swift; sourceTree = "<group>"; };
		33BFAC90287C24BF00F95F1F /* LoginViewModel.swift */ = {isa = PBXFileReference; lastKnownFileType = sourcecode.swift; path = LoginViewModel.swift; sourceTree = "<group>"; };
		33BFAC93287C28AD00F95F1F /* VerifyCodeviewModel.swift */ = {isa = PBXFileReference; lastKnownFileType = sourcecode.swift; path = VerifyCodeviewModel.swift; sourceTree = "<group>"; };
		33BFAC96287C29C900F95F1F /* GenderViewModel.swift */ = {isa = PBXFileReference; lastKnownFileType = sourcecode.swift; path = GenderViewModel.swift; sourceTree = "<group>"; };
		33D45C1D287ADFA0003443A8 /* TakePhotoCollectionViewCell.swift */ = {isa = PBXFileReference; lastKnownFileType = sourcecode.swift; path = TakePhotoCollectionViewCell.swift; sourceTree = "<group>"; };
		33D45C1E287ADFA0003443A8 /* TakePhotoCollectionViewCell.xib */ = {isa = PBXFileReference; lastKnownFileType = file.xib; path = TakePhotoCollectionViewCell.xib; sourceTree = "<group>"; };
		33DC6F552890D193000ADA02 /* ListFriendCollectionViewCell.swift */ = {isa = PBXFileReference; lastKnownFileType = sourcecode.swift; path = ListFriendCollectionViewCell.swift; sourceTree = "<group>"; };
		33DC6F562890D193000ADA02 /* ListFriendCollectionViewCell.xib */ = {isa = PBXFileReference; lastKnownFileType = file.xib; path = ListFriendCollectionViewCell.xib; sourceTree = "<group>"; };
		33DC6F622890D1D5000ADA02 /* ListChatTableViewCell.swift */ = {isa = PBXFileReference; lastKnownFileType = sourcecode.swift; path = ListChatTableViewCell.swift; sourceTree = "<group>"; };
		33DC6F632890D1D5000ADA02 /* ListChatTableViewCell.xib */ = {isa = PBXFileReference; lastKnownFileType = file.xib; path = ListChatTableViewCell.xib; sourceTree = "<group>"; };
		33DC6F692890E865000ADA02 /* MessageViewModel.swift */ = {isa = PBXFileReference; lastKnownFileType = sourcecode.swift; path = MessageViewModel.swift; sourceTree = "<group>"; };
		33DC6F6C2890E9D9000ADA02 /* FriendModel.swift */ = {isa = PBXFileReference; lastKnownFileType = sourcecode.swift; path = FriendModel.swift; sourceTree = "<group>"; };
		33DC6F8F289133DB000ADA02 /* ChatViewModel.swift */ = {isa = PBXFileReference; lastKnownFileType = sourcecode.swift; path = ChatViewModel.swift; sourceTree = "<group>"; };
		33DC6F9328913D1D000ADA02 /* ManagerUserdefaults.swift */ = {isa = PBXFileReference; lastKnownFileType = sourcecode.swift; path = ManagerUserdefaults.swift; sourceTree = "<group>"; };
		33EB4A832892487200D4F59C /* SearchTableViewCell.swift */ = {isa = PBXFileReference; lastKnownFileType = sourcecode.swift; path = SearchTableViewCell.swift; sourceTree = "<group>"; };
		33EB4A842892487200D4F59C /* SearchTableViewCell.xib */ = {isa = PBXFileReference; lastKnownFileType = file.xib; path = SearchTableViewCell.xib; sourceTree = "<group>"; };
		33EB4A8A28926EB600D4F59C /* SearchViewController.swift */ = {isa = PBXFileReference; lastKnownFileType = sourcecode.swift; path = SearchViewController.swift; sourceTree = "<group>"; };
		48EC358BCBDC09537E0DF874 /* Pods-Habiibi.debug.xcconfig */ = {isa = PBXFileReference; includeInIndex = 1; lastKnownFileType = text.xcconfig; name = "Pods-Habiibi.debug.xcconfig"; path = "Target Support Files/Pods-Habiibi/Pods-Habiibi.debug.xcconfig"; sourceTree = "<group>"; };
		D66B8AE15293D8C4FFCA2506 /* Pods_Habiibi.framework */ = {isa = PBXFileReference; explicitFileType = wrapper.framework; includeInIndex = 0; path = Pods_Habiibi.framework; sourceTree = BUILT_PRODUCTS_DIR; };
		F992FB0B4C6A74A329B1EB4D /* Pods-Habiibi.release.xcconfig */ = {isa = PBXFileReference; includeInIndex = 1; lastKnownFileType = text.xcconfig; name = "Pods-Habiibi.release.xcconfig"; path = "Target Support Files/Pods-Habiibi/Pods-Habiibi.release.xcconfig"; sourceTree = "<group>"; };
/* End PBXFileReference section */

/* Begin PBXFrameworksBuildPhase section */
		33113B502862AFFB00C0CD7F /* Frameworks */ = {
			isa = PBXFrameworksBuildPhase;
			buildActionMask = 2147483647;
			files = (
				333A5F9828879E7B007ABD15 /* GameController.framework in Frameworks */,
				05D9998F37C5FF4BACE61A74 /* Pods_Habiibi.framework in Frameworks */,
			);
			runOnlyForDeploymentPostprocessing = 0;
		};
/* End PBXFrameworksBuildPhase section */

/* Begin PBXGroup section */
		3300F7C9286BF1E9009CDE07 /* Data */ = {
			isa = PBXGroup;
			children = (
				33BFAC7B287BC45D00F95F1F /* ListUser.json */,
			);
			path = Data;
			sourceTree = "<group>";
		};
		3300F7CE286BF341009CDE07 /* Services */ = {
			isa = PBXGroup;
			children = (
				3300F7CF286BF366009CDE07 /* APIService.swift */,
				33DC6F9228913CED000ADA02 /* Utilities */,
				332EE8B62876C118008C0BEA /* CustomFile */,
			);
			path = Services;
			sourceTree = "<group>";
		};
		33113B4A2862AFFB00C0CD7F = {
			isa = PBXGroup;
			children = (
				33113B552862AFFB00C0CD7F /* Habiibi */,
				33113B542862AFFB00C0CD7F /* Products */,
				E3C00617571C267F32F3EFEC /* Pods */,
				E954F2A10978269F73642E5F /* Frameworks */,
			);
			sourceTree = "<group>";
		};
		33113B542862AFFB00C0CD7F /* Products */ = {
			isa = PBXGroup;
			children = (
				33113B532862AFFB00C0CD7F /* Habiibi.app */,
			);
			name = Products;
			sourceTree = "<group>";
		};
		33113B552862AFFB00C0CD7F /* Habiibi */ = {
			isa = PBXGroup;
			children = (
				338AC714286411DA00215A06 /* Extensions */,
				33113B742862B6D600C0CD7F /* Habiibi.entitlements */,
				33113B5A2862AFFB00C0CD7F /* BaseViewController.swift */,
				339148132869445D00495999 /* Apps */,
				3300F7C9286BF1E9009CDE07 /* Data */,
				3314FD572864675000B1AB1D /* Models */,
				3300F7CE286BF341009CDE07 /* Services */,
				33298DF92885534C00351F92 /* Screen */,
				33113B5C2862AFFB00C0CD7F /* Main.storyboard */,
				33113B5F2862AFFD00C0CD7F /* Assets.xcassets */,
				33113B612862AFFD00C0CD7F /* LaunchScreen.storyboard */,
				33113B642862AFFD00C0CD7F /* Info.plist */,
				33BBF9F92897D4580094015D /* GoogleService-Info.plist */,
			);
			path = Habiibi;
			sourceTree = "<group>";
		};
		3314FD572864675000B1AB1D /* Models */ = {
			isa = PBXGroup;
			children = (
				3314FD542864674400B1AB1D /* UserLogin.swift */,
				331693E228781DC70044D44F /* ModelSetUpTBV.swift */,
				335921A1287D6255002CBA52 /* FilterModel.swift */,
				33AF1588288A7F48003D8D4F /* UserModels.swift */,
			);
			path = Models;
			sourceTree = "<group>";
		};
		33298DF92885534C00351F92 /* Screen */ = {
			isa = PBXGroup;
			children = (
				3391481B2869611A00495999 /* CustomTabbarController.swift */,
				33298E0A288554A200351F92 /* LoginVC */,
				333C729B28900D1700B7496D /* ChatVC */,
				33298DFF288553E900351F92 /* SwipeVC */,
				334FA2A828767FC00060C7F3 /* ProfileVC */,
			);
			path = Screen;
			sourceTree = "<group>";
		};
		33298DFA2885535F00351F92 /* OnboardingVC */ = {
			isa = PBXGroup;
			children = (
				33282F9A286AD69B00E6F16D /* OnboardingViewModel.swift */,
				33113B762862B89900C0CD7F /* OnboardingViewController.swift */,
			);
			path = OnboardingVC;
			sourceTree = "<group>";
		};
		33298DFB2885537300351F92 /* PhoneNumberVC */ = {
			isa = PBXGroup;
			children = (
				33BFAC90287C24BF00F95F1F /* LoginViewModel.swift */,
				33113B802862C81200C0CD7F /* LoginViewController.swift */,
			);
			path = PhoneNumberVC;
			sourceTree = "<group>";
		};
		33298DFC2885539300351F92 /* VerifyVC */ = {
			isa = PBXGroup;
			children = (
				33113B912862D5A900C0CD7F /* VerifyCodeViewController.swift */,
				33BFAC93287C28AD00F95F1F /* VerifyCodeviewModel.swift */,
			);
			path = VerifyVC;
			sourceTree = "<group>";
		};
		33298DFD2885539500351F92 /* GenderVC */ = {
			isa = PBXGroup;
			children = (
				33BFAC96287C29C900F95F1F /* GenderViewModel.swift */,
				338AC70F28640F3B00215A06 /* GenderSignUpViewController.swift */,
			);
			path = GenderVC;
			sourceTree = "<group>";
		};
		33298DFE2885539800351F92 /* FillNameVC */ = {
			isa = PBXGroup;
			children = (
				33298D9F288516C400351F92 /* FillNameSignUpViewModel.swift */,
				338AC7192864248B00215A06 /* FillNameSignUpViewController.swift */,
			);
			path = FillNameVC;
			sourceTree = "<group>";
		};
		33298DFF288553E900351F92 /* SwipeVC */ = {
			isa = PBXGroup;
			children = (
				3363182F287574C300A03242 /* imageTBVC */,
				33298E052885546B00351F92 /* HomeVC */,
				33298E072885547300351F92 /* FilterVC */,
			);
			path = SwipeVC;
			sourceTree = "<group>";
		};
		33298E022885545600351F92 /* Views */ = {
			isa = PBXGroup;
			children = (
				3391482428696C9400495999 /* ProfileViewController.swift */,
				334FA2AA28767FDD0060C7F3 /* EditingProfileViewController.swift */,
			);
			path = Views;
			sourceTree = "<group>";
		};
		33298E032885546200351F92 /* Models */ = {
			isa = PBXGroup;
			children = (
				337EEC1128752BC20084726F /* ProfileViewModel.swift */,
			);
			path = Models;
			sourceTree = "<group>";
		};
		33298E052885546B00351F92 /* HomeVC */ = {
			isa = PBXGroup;
			children = (
				33113B7A2862BBE200C0CD7F /* HomeScreenViewController.swift */,
				33282FAA286AFA7000E6F16D /* HomeScreenViewModel.swift */,
			);
			path = HomeVC;
			sourceTree = "<group>";
		};
		33298E072885547300351F92 /* FilterVC */ = {
			isa = PBXGroup;
			children = (
				33BFAC85287C0FEE00F95F1F /* FilterViewModel.swift */,
				33BFAC82287C0DB000F95F1F /* FilterViewController.swift */,
			);
			path = FilterVC;
			sourceTree = "<group>";
		};
		33298E0A288554A200351F92 /* LoginVC */ = {
			isa = PBXGroup;
			children = (
				33298DFE2885539800351F92 /* FillNameVC */,
				33298DFD2885539500351F92 /* GenderVC */,
				33298DFC2885539300351F92 /* VerifyVC */,
				33298DFB2885537300351F92 /* PhoneNumberVC */,
				33298DFA2885535F00351F92 /* OnboardingVC */,
			);
			path = LoginVC;
			sourceTree = "<group>";
		};
		332EE8B62876C118008C0BEA /* CustomFile */ = {
			isa = PBXGroup;
			children = (
				33390DAE2862F53D00B5B072 /* OTPStackView.swift */,
				331693F328783E510044D44F /* Gradient.swift */,
				33BFAC7F287C031200F95F1F /* CustomNavigationVC.swift */,
				33113B8E2862D51E00C0CD7F /* CustomTextField.swift */,
			);
			path = CustomFile;
			sourceTree = "<group>";
		};
		333C729B28900D1700B7496D /* ChatVC */ = {
			isa = PBXGroup;
			children = (
				33DC6F542890D179000ADA02 /* Cell */,
				33DC6F8B289133C3000ADA02 /* MessageVC */,
				33DC6F8D289133CC000ADA02 /* ChatVC */,
				33EB4A8928926E9B00D4F59C /* SearchVC */,
				33DC6F88289131B3000ADA02 /* Models */,
			);
			path = ChatVC;
			sourceTree = "<group>";
		};
		334FA2A828767FC00060C7F3 /* ProfileVC */ = {
			isa = PBXGroup;
			children = (
				33D45C1A287ADE4A003443A8 /* Cells */,
				33298E032885546200351F92 /* Models */,
				33298E022885545600351F92 /* Views */,
			);
			path = ProfileVC;
			sourceTree = "<group>";
		};
		334FA2AE2876989D0060C7F3 /* ListImageEditProfileCLTVC */ = {
			isa = PBXGroup;
			children = (
				331693E728783A0E0044D44F /* EditProfileCollectionViewCell.swift */,
				331693E828783A0E0044D44F /* EditProfileCollectionViewCell.xib */,
			);
			path = ListImageEditProfileCLTVC;
			sourceTree = "<group>";
		};
		3363182F287574C300A03242 /* imageTBVC */ = {
			isa = PBXGroup;
			children = (
				33631830287574E100A03242 /* ListImageTableViewCell.swift */,
				33631831287574E100A03242 /* ListImageTableViewCell.xib */,
			);
			path = imageTBVC;
			sourceTree = "<group>";
		};
		337EEC1928753B600084726F /* ProfileTBVC */ = {
			isa = PBXGroup;
			children = (
				337EEC1428753B5A0084726F /* ProfileTableViewCell.swift */,
				337EEC1528753B5A0084726F /* ProfileTableViewCell.xib */,
			);
			path = ProfileTBVC;
			sourceTree = "<group>";
		};
		338AC714286411DA00215A06 /* Extensions */ = {
			isa = PBXGroup;
			children = (
				338AC715286411F300215A06 /* Extentions+UIView.swift */,
				33282F9D286ADD4E00E6F16D /* Extensions+String.swift */,
				336318512875A1B200A03242 /* Extensions+UIImage+UIImageView.swift */,
				331693F028783D030044D44F /* Extensions+UIColor.swift */,
				33298DBA28854CAC00351F92 /* ShowDiaLog.swift */,
				33298DE12885525800351F92 /* Constants.swift */,
				33298DE4288552D700351F92 /* DialogHelper.swift */,
			);
			path = Extensions;
			sourceTree = "<group>";
		};
		339148132869445D00495999 /* Apps */ = {
			isa = PBXGroup;
			children = (
				33113B562862AFFB00C0CD7F /* AppDelegate.swift */,
				33113B582862AFFB00C0CD7F /* SceneDelegate.swift */,
			);
			path = Apps;
			sourceTree = "<group>";
		};
		33D45C1A287ADE4A003443A8 /* Cells */ = {
			isa = PBXGroup;
			children = (
				337EEC1928753B600084726F /* ProfileTBVC */,
				33D45C1B287ADE5C003443A8 /* CellTakePhotoCLTVC */,
				334FA2AE2876989D0060C7F3 /* ListImageEditProfileCLTVC */,
			);
			path = Cells;
			sourceTree = "<group>";
		};
		33D45C1B287ADE5C003443A8 /* CellTakePhotoCLTVC */ = {
			isa = PBXGroup;
			children = (
				33D45C1D287ADFA0003443A8 /* TakePhotoCollectionViewCell.swift */,
				33D45C1E287ADFA0003443A8 /* TakePhotoCollectionViewCell.xib */,
			);
			path = CellTakePhotoCLTVC;
			sourceTree = "<group>";
		};
		33DC6F542890D179000ADA02 /* Cell */ = {
			isa = PBXGroup;
			children = (
				33EB4A822892486100D4F59C /* SearchTBVC */,
				33DC6F5B2890D1A3000ADA02 /* ListChatTBVC */,
				33DC6F5A2890D19B000ADA02 /* ListFriendCLTVC */,
			);
			path = Cell;
			sourceTree = "<group>";
		};
		33DC6F5A2890D19B000ADA02 /* ListFriendCLTVC */ = {
			isa = PBXGroup;
			children = (
				33DC6F552890D193000ADA02 /* ListFriendCollectionViewCell.swift */,
				33DC6F562890D193000ADA02 /* ListFriendCollectionViewCell.xib */,
			);
			path = ListFriendCLTVC;
			sourceTree = "<group>";
		};
		33DC6F5B2890D1A3000ADA02 /* ListChatTBVC */ = {
			isa = PBXGroup;
			children = (
				33DC6F622890D1D5000ADA02 /* ListChatTableViewCell.swift */,
				33DC6F632890D1D5000ADA02 /* ListChatTableViewCell.xib */,
			);
			path = ListChatTBVC;
			sourceTree = "<group>";
		};
		33DC6F88289131B3000ADA02 /* Models */ = {
			isa = PBXGroup;
			children = (
				333C72A428900E7B00B7496D /* ChatUser.swift */,
				333C72A728900E9500B7496D /* Message.swift */,
				33DC6F6C2890E9D9000ADA02 /* FriendModel.swift */,
				333C72A128900E5100B7496D /* Chat.swift */,
			);
			path = Models;
			sourceTree = "<group>";
		};
		33DC6F8B289133C3000ADA02 /* MessageVC */ = {
			isa = PBXGroup;
			children = (
				33DC6F692890E865000ADA02 /* MessageViewModel.swift */,
				333C72AB28902C8F00B7496D /* MessageViewController.swift */,
			);
			path = MessageVC;
			sourceTree = "<group>";
		};
		33DC6F8D289133CC000ADA02 /* ChatVC */ = {
			isa = PBXGroup;
			children = (
				333C729E28900D4A00B7496D /* ChatViewController.swift */,
				33DC6F8F289133DB000ADA02 /* ChatViewModel.swift */,
			);
			path = ChatVC;
			sourceTree = "<group>";
		};
		33DC6F9228913CED000ADA02 /* Utilities */ = {
			isa = PBXGroup;
			children = (
				3314FD4F286466B500B1AB1D /* DatabaseManagers.swift */,
				339148202869688900495999 /* GobalData.swift */,
				33DC6F9328913D1D000ADA02 /* ManagerUserdefaults.swift */,
			);
			path = Utilities;
			sourceTree = "<group>";
		};
		33EB4A822892486100D4F59C /* SearchTBVC */ = {
			isa = PBXGroup;
			children = (
				33EB4A832892487200D4F59C /* SearchTableViewCell.swift */,
				33EB4A842892487200D4F59C /* SearchTableViewCell.xib */,
			);
			path = SearchTBVC;
			sourceTree = "<group>";
		};
		33EB4A8928926E9B00D4F59C /* SearchVC */ = {
			isa = PBXGroup;
			children = (
				33EB4A8A28926EB600D4F59C /* SearchViewController.swift */,
			);
			path = SearchVC;
			sourceTree = "<group>";
		};
		E3C00617571C267F32F3EFEC /* Pods */ = {
			isa = PBXGroup;
			children = (
				48EC358BCBDC09537E0DF874 /* Pods-Habiibi.debug.xcconfig */,
				F992FB0B4C6A74A329B1EB4D /* Pods-Habiibi.release.xcconfig */,
			);
			path = Pods;
			sourceTree = "<group>";
		};
		E954F2A10978269F73642E5F /* Frameworks */ = {
			isa = PBXGroup;
			children = (
				333A5F9728879E7B007ABD15 /* GameController.framework */,
				D66B8AE15293D8C4FFCA2506 /* Pods_Habiibi.framework */,
			);
			name = Frameworks;
			sourceTree = "<group>";
		};
/* End PBXGroup section */

/* Begin PBXNativeTarget section */
		33113B522862AFFB00C0CD7F /* Habiibi */ = {
			isa = PBXNativeTarget;
			buildConfigurationList = 33113B672862AFFD00C0CD7F /* Build configuration list for PBXNativeTarget "Habiibi" */;
			buildPhases = (
				82A6D22A1D064D22AA16BBD9 /* [CP] Check Pods Manifest.lock */,
				33113B4F2862AFFB00C0CD7F /* Sources */,
				33113B502862AFFB00C0CD7F /* Frameworks */,
				33113B512862AFFB00C0CD7F /* Resources */,
				C02EDA8F1C91647E854C876B /* [CP] Embed Pods Frameworks */,
			);
			buildRules = (
			);
			dependencies = (
			);
			name = Habiibi;
			productName = Habiibi;
			productReference = 33113B532862AFFB00C0CD7F /* Habiibi.app */;
			productType = "com.apple.product-type.application";
		};
/* End PBXNativeTarget section */

/* Begin PBXProject section */
		33113B4B2862AFFB00C0CD7F /* Project object */ = {
			isa = PBXProject;
			attributes = {
				LastSwiftUpdateCheck = 1240;
				LastUpgradeCheck = 1240;
				TargetAttributes = {
					33113B522862AFFB00C0CD7F = {
						CreatedOnToolsVersion = 12.4;
					};
				};
			};
			buildConfigurationList = 33113B4E2862AFFB00C0CD7F /* Build configuration list for PBXProject "Habiibi" */;
			compatibilityVersion = "Xcode 9.3";
			developmentRegion = en;
			hasScannedForEncodings = 0;
			knownRegions = (
				en,
				Base,
			);
			mainGroup = 33113B4A2862AFFB00C0CD7F;
			productRefGroup = 33113B542862AFFB00C0CD7F /* Products */;
			projectDirPath = "";
			projectRoot = "";
			targets = (
				33113B522862AFFB00C0CD7F /* Habiibi */,
			);
		};
/* End PBXProject section */

/* Begin PBXResourcesBuildPhase section */
		33113B512862AFFB00C0CD7F /* Resources */ = {
			isa = PBXResourcesBuildPhase;
			buildActionMask = 2147483647;
			files = (
				33DC6F582890D193000ADA02 /* ListFriendCollectionViewCell.xib in Resources */,
				33BBF9FA2897D4580094015D /* GoogleService-Info.plist in Resources */,
				33DC6F652890D1D5000ADA02 /* ListChatTableViewCell.xib in Resources */,
				331693EA28783A0E0044D44F /* EditProfileCollectionViewCell.xib in Resources */,
				33D45C20287ADFA0003443A8 /* TakePhotoCollectionViewCell.xib in Resources */,
				33BFAC7C287BC45D00F95F1F /* ListUser.json in Resources */,
				33EB4A862892487200D4F59C /* SearchTableViewCell.xib in Resources */,
				33113B632862AFFD00C0CD7F /* LaunchScreen.storyboard in Resources */,
				33113B602862AFFD00C0CD7F /* Assets.xcassets in Resources */,
				33631833287574E100A03242 /* ListImageTableViewCell.xib in Resources */,
				33113B5E2862AFFB00C0CD7F /* Main.storyboard in Resources */,
				337EEC1728753B5A0084726F /* ProfileTableViewCell.xib in Resources */,
			);
			runOnlyForDeploymentPostprocessing = 0;
		};
/* End PBXResourcesBuildPhase section */

/* Begin PBXShellScriptBuildPhase section */
		82A6D22A1D064D22AA16BBD9 /* [CP] Check Pods Manifest.lock */ = {
			isa = PBXShellScriptBuildPhase;
			buildActionMask = 2147483647;
			files = (
			);
			inputFileListPaths = (
			);
			inputPaths = (
				"${PODS_PODFILE_DIR_PATH}/Podfile.lock",
				"${PODS_ROOT}/Manifest.lock",
			);
			name = "[CP] Check Pods Manifest.lock";
			outputFileListPaths = (
			);
			outputPaths = (
				"$(DERIVED_FILE_DIR)/Pods-Habiibi-checkManifestLockResult.txt",
			);
			runOnlyForDeploymentPostprocessing = 0;
			shellPath = /bin/sh;
			shellScript = "diff \"${PODS_PODFILE_DIR_PATH}/Podfile.lock\" \"${PODS_ROOT}/Manifest.lock\" > /dev/null\nif [ $? != 0 ] ; then\n    # print error to STDERR\n    echo \"error: The sandbox is not in sync with the Podfile.lock. Run 'pod install' or update your CocoaPods installation.\" >&2\n    exit 1\nfi\n# This output is used by Xcode 'outputs' to avoid re-running this script phase.\necho \"SUCCESS\" > \"${SCRIPT_OUTPUT_FILE_0}\"\n";
			showEnvVarsInLog = 0;
		};
		C02EDA8F1C91647E854C876B /* [CP] Embed Pods Frameworks */ = {
			isa = PBXShellScriptBuildPhase;
			buildActionMask = 2147483647;
			files = (
			);
			inputFileListPaths = (
				"${PODS_ROOT}/Target Support Files/Pods-Habiibi/Pods-Habiibi-frameworks-${CONFIGURATION}-input-files.xcfilelist",
			);
			name = "[CP] Embed Pods Frameworks";
			outputFileListPaths = (
				"${PODS_ROOT}/Target Support Files/Pods-Habiibi/Pods-Habiibi-frameworks-${CONFIGURATION}-output-files.xcfilelist",
			);
			runOnlyForDeploymentPostprocessing = 0;
			shellPath = /bin/sh;
			shellScript = "\"${PODS_ROOT}/Target Support Files/Pods-Habiibi/Pods-Habiibi-frameworks.sh\"\n";
			showEnvVarsInLog = 0;
		};
/* End PBXShellScriptBuildPhase section */

/* Begin PBXSourcesBuildPhase section */
		33113B4F2862AFFB00C0CD7F /* Sources */ = {
			isa = PBXSourcesBuildPhase;
			buildActionMask = 2147483647;
			files = (
				33113B922862D5A900C0CD7F /* VerifyCodeViewController.swift in Sources */,
				33BFAC97287C29C900F95F1F /* GenderViewModel.swift in Sources */,
				33113B8F2862D51E00C0CD7F /* CustomTextField.swift in Sources */,
				33113B812862C81200C0CD7F /* LoginViewController.swift in Sources */,
				331693E328781DC70044D44F /* ModelSetUpTBV.swift in Sources */,
				33390DAF2862F53D00B5B072 /* OTPStackView.swift in Sources */,
				338AC71028640F3B00215A06 /* GenderSignUpViewController.swift in Sources */,
				337EEC1228752BC20084726F /* ProfileViewModel.swift in Sources */,
				33298DE22885525800351F92 /* Constants.swift in Sources */,
				33BFAC86287C0FEE00F95F1F /* FilterViewModel.swift in Sources */,
				33DC6F6A2890E865000ADA02 /* MessageViewModel.swift in Sources */,
				33BFAC91287C24BF00F95F1F /* LoginViewModel.swift in Sources */,
				33113B5B2862AFFB00C0CD7F /* BaseViewController.swift in Sources */,
				33EB4A852892487200D4F59C /* SearchTableViewCell.swift in Sources */,
				33113B572862AFFB00C0CD7F /* AppDelegate.swift in Sources */,
				333C72AC28902C8F00B7496D /* MessageViewController.swift in Sources */,
				333C72A228900E5100B7496D /* Chat.swift in Sources */,
				331693F428783E510044D44F /* Gradient.swift in Sources */,
				33DC6F572890D193000ADA02 /* ListFriendCollectionViewCell.swift in Sources */,
				331693F128783D030044D44F /* Extensions+UIColor.swift in Sources */,
				3391482528696C9400495999 /* ProfileViewController.swift in Sources */,
				33113B592862AFFB00C0CD7F /* SceneDelegate.swift in Sources */,
				33282FAB286AFA7000E6F16D /* HomeScreenViewModel.swift in Sources */,
				33DC6F6D2890E9D9000ADA02 /* FriendModel.swift in Sources */,
				33DC6F9428913D1D000ADA02 /* ManagerUserdefaults.swift in Sources */,
				331693E928783A0E0044D44F /* EditProfileCollectionViewCell.swift in Sources */,
				3391481C2869611A00495999 /* CustomTabbarController.swift in Sources */,
				33631832287574E100A03242 /* ListImageTableViewCell.swift in Sources */,
				339148212869688900495999 /* GobalData.swift in Sources */,
				33BFAC94287C28AD00F95F1F /* VerifyCodeviewModel.swift in Sources */,
				33298DE5288552D700351F92 /* DialogHelper.swift in Sources */,
				33282F9E286ADD4E00E6F16D /* Extensions+String.swift in Sources */,
				335921A2287D6255002CBA52 /* FilterModel.swift in Sources */,
				33BFAC83287C0DB000F95F1F /* FilterViewController.swift in Sources */,
				33113B772862B89900C0CD7F /* OnboardingViewController.swift in Sources */,
				33DC6F90289133DB000ADA02 /* ChatViewModel.swift in Sources */,
				333C72A528900E7B00B7496D /* ChatUser.swift in Sources */,
				338AC716286411F300215A06 /* Extentions+UIView.swift in Sources */,
				33D45C1F287ADFA0003443A8 /* TakePhotoCollectionViewCell.swift in Sources */,
				334FA2AB28767FDD0060C7F3 /* EditingProfileViewController.swift in Sources */,
				33282F9B286AD69B00E6F16D /* OnboardingViewModel.swift in Sources */,
				33EB4A8B28926EB600D4F59C /* SearchViewController.swift in Sources */,
				3300F7D0286BF366009CDE07 /* APIService.swift in Sources */,
				33AF1589288A7F48003D8D4F /* UserModels.swift in Sources */,
				33DC6F642890D1D5000ADA02 /* ListChatTableViewCell.swift in Sources */,
				338AC71A2864248B00215A06 /* FillNameSignUpViewController.swift in Sources */,
				33BFAC80287C031200F95F1F /* CustomNavigationVC.swift in Sources */,
				33298DA0288516C400351F92 /* FillNameSignUpViewModel.swift in Sources */,
				33113B7B2862BBE200C0CD7F /* HomeScreenViewController.swift in Sources */,
				3314FD552864674400B1AB1D /* UserLogin.swift in Sources */,
				336318522875A1B200A03242 /* Extensions+UIImage+UIImageView.swift in Sources */,
				33298DBB28854CAC00351F92 /* ShowDiaLog.swift in Sources */,
				337EEC1628753B5A0084726F /* ProfileTableViewCell.swift in Sources */,
				333C72A828900E9500B7496D /* Message.swift in Sources */,
				333C729F28900D4A00B7496D /* ChatViewController.swift in Sources */,
				3314FD50286466B600B1AB1D /* DatabaseManagers.swift in Sources */,
			);
			runOnlyForDeploymentPostprocessing = 0;
		};
/* End PBXSourcesBuildPhase section */

/* Begin PBXVariantGroup section */
		33113B5C2862AFFB00C0CD7F /* Main.storyboard */ = {
			isa = PBXVariantGroup;
			children = (
				33113B5D2862AFFB00C0CD7F /* Base */,
			);
			name = Main.storyboard;
			sourceTree = "<group>";
		};
		33113B612862AFFD00C0CD7F /* LaunchScreen.storyboard */ = {
			isa = PBXVariantGroup;
			children = (
				33113B622862AFFD00C0CD7F /* Base */,
			);
			name = LaunchScreen.storyboard;
			sourceTree = "<group>";
		};
/* End PBXVariantGroup section */

/* Begin XCBuildConfiguration section */
		33113B652862AFFD00C0CD7F /* Debug */ = {
			isa = XCBuildConfiguration;
			buildSettings = {
				ALWAYS_SEARCH_USER_PATHS = NO;
				CLANG_ANALYZER_NONNULL = YES;
				CLANG_ANALYZER_NUMBER_OBJECT_CONVERSION = YES_AGGRESSIVE;
				CLANG_CXX_LANGUAGE_STANDARD = "gnu++14";
				CLANG_CXX_LIBRARY = "libc++";
				CLANG_ENABLE_MODULES = YES;
				CLANG_ENABLE_OBJC_ARC = YES;
				CLANG_ENABLE_OBJC_WEAK = YES;
				CLANG_WARN_BLOCK_CAPTURE_AUTORELEASING = YES;
				CLANG_WARN_BOOL_CONVERSION = YES;
				CLANG_WARN_COMMA = YES;
				CLANG_WARN_CONSTANT_CONVERSION = YES;
				CLANG_WARN_DEPRECATED_OBJC_IMPLEMENTATIONS = YES;
				CLANG_WARN_DIRECT_OBJC_ISA_USAGE = YES_ERROR;
				CLANG_WARN_DOCUMENTATION_COMMENTS = YES;
				CLANG_WARN_EMPTY_BODY = YES;
				CLANG_WARN_ENUM_CONVERSION = YES;
				CLANG_WARN_INFINITE_RECURSION = YES;
				CLANG_WARN_INT_CONVERSION = YES;
				CLANG_WARN_NON_LITERAL_NULL_CONVERSION = YES;
				CLANG_WARN_OBJC_IMPLICIT_RETAIN_SELF = YES;
				CLANG_WARN_OBJC_LITERAL_CONVERSION = YES;
				CLANG_WARN_OBJC_ROOT_CLASS = YES_ERROR;
				CLANG_WARN_QUOTED_INCLUDE_IN_FRAMEWORK_HEADER = YES;
				CLANG_WARN_RANGE_LOOP_ANALYSIS = YES;
				CLANG_WARN_STRICT_PROTOTYPES = YES;
				CLANG_WARN_SUSPICIOUS_MOVE = YES;
				CLANG_WARN_UNGUARDED_AVAILABILITY = YES_AGGRESSIVE;
				CLANG_WARN_UNREACHABLE_CODE = YES;
				CLANG_WARN__DUPLICATE_METHOD_MATCH = YES;
				COPY_PHASE_STRIP = NO;
				DEBUG_INFORMATION_FORMAT = dwarf;
				ENABLE_STRICT_OBJC_MSGSEND = YES;
				ENABLE_TESTABILITY = YES;
				GCC_C_LANGUAGE_STANDARD = gnu11;
				GCC_DYNAMIC_NO_PIC = NO;
				GCC_NO_COMMON_BLOCKS = YES;
				GCC_OPTIMIZATION_LEVEL = 0;
				GCC_PREPROCESSOR_DEFINITIONS = (
					"DEBUG=1",
					"$(inherited)",
				);
				GCC_WARN_64_TO_32_BIT_CONVERSION = YES;
				GCC_WARN_ABOUT_RETURN_TYPE = YES_ERROR;
				GCC_WARN_UNDECLARED_SELECTOR = YES;
				GCC_WARN_UNINITIALIZED_AUTOS = YES_AGGRESSIVE;
				GCC_WARN_UNUSED_FUNCTION = YES;
				GCC_WARN_UNUSED_VARIABLE = YES;
				IPHONEOS_DEPLOYMENT_TARGET = 14.4;
				MTL_ENABLE_DEBUG_INFO = INCLUDE_SOURCE;
				MTL_FAST_MATH = YES;
				ONLY_ACTIVE_ARCH = YES;
				SDKROOT = iphoneos;
				SWIFT_ACTIVE_COMPILATION_CONDITIONS = DEBUG;
				SWIFT_OPTIMIZATION_LEVEL = "-Onone";
			};
			name = Debug;
		};
		33113B662862AFFD00C0CD7F /* Release */ = {
			isa = XCBuildConfiguration;
			buildSettings = {
				ALWAYS_SEARCH_USER_PATHS = NO;
				CLANG_ANALYZER_NONNULL = YES;
				CLANG_ANALYZER_NUMBER_OBJECT_CONVERSION = YES_AGGRESSIVE;
				CLANG_CXX_LANGUAGE_STANDARD = "gnu++14";
				CLANG_CXX_LIBRARY = "libc++";
				CLANG_ENABLE_MODULES = YES;
				CLANG_ENABLE_OBJC_ARC = YES;
				CLANG_ENABLE_OBJC_WEAK = YES;
				CLANG_WARN_BLOCK_CAPTURE_AUTORELEASING = YES;
				CLANG_WARN_BOOL_CONVERSION = YES;
				CLANG_WARN_COMMA = YES;
				CLANG_WARN_CONSTANT_CONVERSION = YES;
				CLANG_WARN_DEPRECATED_OBJC_IMPLEMENTATIONS = YES;
				CLANG_WARN_DIRECT_OBJC_ISA_USAGE = YES_ERROR;
				CLANG_WARN_DOCUMENTATION_COMMENTS = YES;
				CLANG_WARN_EMPTY_BODY = YES;
				CLANG_WARN_ENUM_CONVERSION = YES;
				CLANG_WARN_INFINITE_RECURSION = YES;
				CLANG_WARN_INT_CONVERSION = YES;
				CLANG_WARN_NON_LITERAL_NULL_CONVERSION = YES;
				CLANG_WARN_OBJC_IMPLICIT_RETAIN_SELF = YES;
				CLANG_WARN_OBJC_LITERAL_CONVERSION = YES;
				CLANG_WARN_OBJC_ROOT_CLASS = YES_ERROR;
				CLANG_WARN_QUOTED_INCLUDE_IN_FRAMEWORK_HEADER = YES;
				CLANG_WARN_RANGE_LOOP_ANALYSIS = YES;
				CLANG_WARN_STRICT_PROTOTYPES = YES;
				CLANG_WARN_SUSPICIOUS_MOVE = YES;
				CLANG_WARN_UNGUARDED_AVAILABILITY = YES_AGGRESSIVE;
				CLANG_WARN_UNREACHABLE_CODE = YES;
				CLANG_WARN__DUPLICATE_METHOD_MATCH = YES;
				COPY_PHASE_STRIP = NO;
				DEBUG_INFORMATION_FORMAT = "dwarf-with-dsym";
				ENABLE_NS_ASSERTIONS = NO;
				ENABLE_STRICT_OBJC_MSGSEND = YES;
				GCC_C_LANGUAGE_STANDARD = gnu11;
				GCC_NO_COMMON_BLOCKS = YES;
				GCC_WARN_64_TO_32_BIT_CONVERSION = YES;
				GCC_WARN_ABOUT_RETURN_TYPE = YES_ERROR;
				GCC_WARN_UNDECLARED_SELECTOR = YES;
				GCC_WARN_UNINITIALIZED_AUTOS = YES_AGGRESSIVE;
				GCC_WARN_UNUSED_FUNCTION = YES;
				GCC_WARN_UNUSED_VARIABLE = YES;
				IPHONEOS_DEPLOYMENT_TARGET = 14.4;
				MTL_ENABLE_DEBUG_INFO = NO;
				MTL_FAST_MATH = YES;
				SDKROOT = iphoneos;
				SWIFT_COMPILATION_MODE = wholemodule;
				SWIFT_OPTIMIZATION_LEVEL = "-O";
				VALIDATE_PRODUCT = YES;
			};
			name = Release;
		};
		33113B682862AFFD00C0CD7F /* Debug */ = {
			isa = XCBuildConfiguration;
			baseConfigurationReference = 48EC358BCBDC09537E0DF874 /* Pods-Habiibi.debug.xcconfig */;
			buildSettings = {
				ASSETCATALOG_COMPILER_APPICON_NAME = AppIcon;
				ASSETCATALOG_COMPILER_GLOBAL_ACCENT_COLOR_NAME = AccentColor;
				CODE_SIGN_ENTITLEMENTS = Habiibi/Habiibi.entitlements;
				CODE_SIGN_IDENTITY = "Apple Development";
				CODE_SIGN_STYLE = Automatic;
				DEVELOPMENT_TEAM = N2AZ5MXD3Y;
				INFOPLIST_FILE = Habiibi/Info.plist;
				IPHONEOS_DEPLOYMENT_TARGET = 10.0;
				LD_RUNPATH_SEARCH_PATHS = (
					"$(inherited)",
					"@executable_path/Frameworks",
				);
				PRODUCT_BUNDLE_IDENTIFIER = aaa.Habiibi;
				PRODUCT_NAME = "$(TARGET_NAME)";
				PROVISIONING_PROFILE_SPECIFIER = "";
				SWIFT_VERSION = 5.0;
				TARGETED_DEVICE_FAMILY = "1,2";
			};
			name = Debug;
		};
		33113B692862AFFD00C0CD7F /* Release */ = {
			isa = XCBuildConfiguration;
			baseConfigurationReference = F992FB0B4C6A74A329B1EB4D /* Pods-Habiibi.release.xcconfig */;
			buildSettings = {
				ASSETCATALOG_COMPILER_APPICON_NAME = AppIcon;
				ASSETCATALOG_COMPILER_GLOBAL_ACCENT_COLOR_NAME = AccentColor;
				CODE_SIGN_ENTITLEMENTS = Habiibi/Habiibi.entitlements;
				CODE_SIGN_IDENTITY = "Apple Development";
				CODE_SIGN_STYLE = Automatic;
				DEVELOPMENT_TEAM = N2AZ5MXD3Y;
				INFOPLIST_FILE = Habiibi/Info.plist;
				IPHONEOS_DEPLOYMENT_TARGET = 10.0;
				LD_RUNPATH_SEARCH_PATHS = (
					"$(inherited)",
					"@executable_path/Frameworks",
				);
				PRODUCT_BUNDLE_IDENTIFIER = aaa.Habiibi;
				PRODUCT_NAME = "$(TARGET_NAME)";
				PROVISIONING_PROFILE_SPECIFIER = "";
				SWIFT_VERSION = 5.0;
				TARGETED_DEVICE_FAMILY = "1,2";
			};
			name = Release;
		};
/* End XCBuildConfiguration section */

/* Begin XCConfigurationList section */
		33113B4E2862AFFB00C0CD7F /* Build configuration list for PBXProject "Habiibi" */ = {
			isa = XCConfigurationList;
			buildConfigurations = (
				33113B652862AFFD00C0CD7F /* Debug */,
				33113B662862AFFD00C0CD7F /* Release */,
			);
			defaultConfigurationIsVisible = 0;
			defaultConfigurationName = Release;
		};
		33113B672862AFFD00C0CD7F /* Build configuration list for PBXNativeTarget "Habiibi" */ = {
			isa = XCConfigurationList;
			buildConfigurations = (
				33113B682862AFFD00C0CD7F /* Debug */,
				33113B692862AFFD00C0CD7F /* Release */,
			);
			defaultConfigurationIsVisible = 0;
			defaultConfigurationName = Release;
		};
/* End XCConfigurationList section */
	};
	rootObject = 33113B4B2862AFFB00C0CD7F /* Project object */;
}
